// !$*UTF8*$!
{
	archiveVersion = 1;
	classes = {
	};
	objectVersion = 77;
	objects = {

/* Begin PBXBuildFile section */
		C70BFC2B2CA8FEB400071737 /* DSDrumsAppDelegate.m in Sources */ = {isa = PBXBuildFile; fileRef = C70BFC212CA8FEB400071737 /* DSDrumsAppDelegate.m */; };
		C70BFC2C2CA8FEB400071737 /* main.c in Sources */ = {isa = PBXBuildFile; fileRef = C70BFC242CA8FEB400071737 /* main.c */; };
		C70BFC2D2CA8FEB400071737 /* MainWindowViewController.m in Sources */ = {isa = PBXBuildFile; fileRef = C70BFC272CA8FEB400071737 /* MainWindowViewController.m */; };
		C70BFC362CA9013300071737 /* DSDrumsApplication.m in Sources */ = {isa = PBXBuildFile; fileRef = C70BFC352CA9013300071737 /* DSDrumsApplication.m */; };
		C70BFC962CA9039300071737 /* CustomButtonView.m in Sources */ = {isa = PBXBuildFile; fileRef = C70BFC6F2CA9039300071737 /* CustomButtonView.m */; };
		C70BFC972CA9039300071737 /* NSTaggedTableColumn.m in Sources */ = {isa = PBXBuildFile; fileRef = C70BFC8C2CA9039300071737 /* NSTaggedTableColumn.m */; };
		C70BFC982CA9039300071737 /* NSCheckboxView.m in Sources */ = {isa = PBXBuildFile; fileRef = C70BFC762CA9039300071737 /* NSCheckboxView.m */; };
		C70BFC992CA9039300071737 /* CMTextFieldCell.m in Sources */ = {isa = PBXBuildFile; fileRef = C70BFC932CA9039300071737 /* CMTextFieldCell.m */; };
		C70BFC9A2CA9039300071737 /* ButtonTableViewCell.m in Sources */ = {isa = PBXBuildFile; fileRef = C70BFC892CA9039300071737 /* ButtonTableViewCell.m */; };
		C70BFC9C2CA9039300071737 /* NSTextFieldButton.m in Sources */ = {isa = PBXBuildFile; fileRef = C70BFC712CA9039300071737 /* NSTextFieldButton.m */; };
		C70BFC9D2CA9039300071737 /* CMThruTableRow.m in Sources */ = {isa = PBXBuildFile; fileRef = C70BFC8F2CA9039300071737 /* CMThruTableRow.m */; };
		C70BFC9E2CA9039300071737 /* NSString+Ext.m in Sources */ = {isa = PBXBuildFile; fileRef = C70BFC862CA9039300071737 /* NSString+Ext.m */; };
		C70BFC9F2CA9039300071737 /* NSData+Ext.m in Sources */ = {isa = PBXBuildFile; fileRef = C70BFC7E2CA9039300071737 /* NSData+Ext.m */; };
		C70BFCA02CA9039300071737 /* NSDate+Ext.m in Sources */ = {isa = PBXBuildFile; fileRef = C70BFC822CA9039300071737 /* NSDate+Ext.m */; };
		C70BFCA12CA9039300071737 /* NSObject+JSON.m in Sources */ = {isa = PBXBuildFile; fileRef = C70BFC842CA9039300071737 /* NSObject+JSON.m */; };
		C70BFCA22CA9039300071737 /* NSView+Blur.m in Sources */ = {isa = PBXBuildFile; fileRef = C70BFC7B2CA9039300071737 /* NSView+Blur.m */; };
		C70BFCA32CA9039300071737 /* RSMaskedLabel.m in Sources */ = {isa = PBXBuildFile; fileRef = C70BFC732CA9039300071737 /* RSMaskedLabel.m */; };
		C70BFCA42CA9039300071737 /* CustomIndicatorView.m in Sources */ = {isa = PBXBuildFile; fileRef = C70BFC792CA9039300071737 /* CustomIndicatorView.m */; };
		C70BFCAA2CA9044D00071737 /* DimSumPopupMenu.m in Sources */ = {isa = PBXBuildFile; fileRef = C70BFCA92CA9044D00071737 /* DimSumPopupMenu.m */; };
		C70BFCAB2CA9044D00071737 /* DimSumAppMenu.m in Sources */ = {isa = PBXBuildFile; fileRef = C70BFCA72CA9044D00071737 /* DimSumAppMenu.m */; };
		C70BFCB02CA904DC00071737 /* AudioMidiSettingsView.m in Sources */ = {isa = PBXBuildFile; fileRef = C70BFCAF2CA904DC00071737 /* AudioMidiSettingsView.m */; };
		C70BFCB82CA9054900071737 /* CocoaImage+Logo.m in Sources */ = {isa = PBXBuildFile; fileRef = C70BFCB52CA9054900071737 /* CocoaImage+Logo.m */; };
		C70BFCB92CA9054900071737 /* CMLogoView.m in Sources */ = {isa = PBXBuildFile; fileRef = C70BFCB32CA9054900071737 /* CMLogoView.m */; };
		C70BFCBA2CA9054900071737 /* NSColor+3rdGen.m in Sources */ = {isa = PBXBuildFile; fileRef = C70BFCB72CA9054900071737 /* NSColor+3rdGen.m */; };
		C70BFCBD2CA9059500071737 /* SettingsModalViewController.m in Sources */ = {isa = PBXBuildFile; fileRef = C70BFCBC2CA9059500071737 /* SettingsModalViewController.m */; };
		C70BFCC02CA905F100071737 /* lib[Pb]Audio.a in Frameworks */ = {isa = PBXBuildFile; fileRef = C70BFCBF2CA905F100071737 /* lib[Pb]Audio.a */; };
		C70BFCC62CA9061600071737 /* SamplePlayer.c in Sources */ = {isa = PBXBuildFile; fileRef = C70BFCC32CA9061600071737 /* SamplePlayer.c */; };
		C70BFCC72CA9061600071737 /* ToneGenerator.c in Sources */ = {isa = PBXBuildFile; fileRef = C70BFCC52CA9061600071737 /* ToneGenerator.c */; };
		C78D5AE72CA9320800706A66 /* ArticulationLayer.c in Sources */ = {isa = PBXBuildFile; fileRef = C78D5AE62CA9320800706A66 /* ArticulationLayer.c */; };
/* End PBXBuildFile section */

/* Begin PBXFileReference section */
		C70BFC0A2CA8FE7C00071737 /* DS Drums.app */ = {isa = PBXFileReference; explicitFileType = wrapper.application; includeInIndex = 0; path = "DS Drums.app"; sourceTree = BUILT_PRODUCTS_DIR; };
		C70BFC202CA8FEB400071737 /* DSDrumsAppDelegate.h */ = {isa = PBXFileReference; lastKnownFileType = sourcecode.c.h; path = DSDrumsAppDelegate.h; sourceTree = "<group>"; };
		C70BFC212CA8FEB400071737 /* DSDrumsAppDelegate.m */ = {isa = PBXFileReference; lastKnownFileType = sourcecode.c.objc; path = DSDrumsAppDelegate.m; sourceTree = "<group>"; };
		C70BFC242CA8FEB400071737 /* main.c */ = {isa = PBXFileReference; lastKnownFileType = sourcecode.c.c; path = main.c; sourceTree = "<group>"; };
		C70BFC262CA8FEB400071737 /* MainWindowViewController.h */ = {isa = PBXFileReference; lastKnownFileType = sourcecode.c.h; path = MainWindowViewController.h; sourceTree = "<group>"; };
		C70BFC272CA8FEB400071737 /* MainWindowViewController.m */ = {isa = PBXFileReference; lastKnownFileType = sourcecode.c.objc; path = MainWindowViewController.m; sourceTree = "<group>"; };
		C70BFC332CA9009D00071737 /* PbAudioAppInterface.h */ = {isa = PBXFileReference; lastKnownFileType = sourcecode.c.h; path = PbAudioAppInterface.h; sourceTree = "<group>"; };
		C70BFC342CA9013300071737 /* DSDrumsApplication.h */ = {isa = PBXFileReference; lastKnownFileType = sourcecode.c.h; path = DSDrumsApplication.h; sourceTree = "<group>"; };
		C70BFC352CA9013300071737 /* DSDrumsApplication.m */ = {isa = PBXFileReference; lastKnownFileType = sourcecode.c.objc; path = DSDrumsApplication.m; sourceTree = "<group>"; };
		C70BFC6E2CA9039300071737 /* CustomButtonView.h */ = {isa = PBXFileReference; lastKnownFileType = sourcecode.c.h; path = CustomButtonView.h; sourceTree = "<group>"; };
		C70BFC6F2CA9039300071737 /* CustomButtonView.m */ = {isa = PBXFileReference; lastKnownFileType = sourcecode.c.objc; path = CustomButtonView.m; sourceTree = "<group>"; };
		C70BFC702CA9039300071737 /* NSTextFieldButton.h */ = {isa = PBXFileReference; lastKnownFileType = sourcecode.c.h; path = NSTextFieldButton.h; sourceTree = "<group>"; };
		C70BFC712CA9039300071737 /* NSTextFieldButton.m */ = {isa = PBXFileReference; lastKnownFileType = sourcecode.c.objc; path = NSTextFieldButton.m; sourceTree = "<group>"; };
		C70BFC722CA9039300071737 /* RSMaskedLabel.h */ = {isa = PBXFileReference; lastKnownFileType = sourcecode.c.h; path = RSMaskedLabel.h; sourceTree = "<group>"; };
		C70BFC732CA9039300071737 /* RSMaskedLabel.m */ = {isa = PBXFileReference; lastKnownFileType = sourcecode.c.objc; path = RSMaskedLabel.m; sourceTree = "<group>"; };
		C70BFC752CA9039300071737 /* NSCheckboxView.h */ = {isa = PBXFileReference; lastKnownFileType = sourcecode.c.h; path = NSCheckboxView.h; sourceTree = "<group>"; };
		C70BFC762CA9039300071737 /* NSCheckboxView.m */ = {isa = PBXFileReference; lastKnownFileType = sourcecode.c.objc; path = NSCheckboxView.m; sourceTree = "<group>"; };
		C70BFC782CA9039300071737 /* CustomIndicatorView.h */ = {isa = PBXFileReference; lastKnownFileType = sourcecode.c.h; path = CustomIndicatorView.h; sourceTree = "<group>"; };
		C70BFC792CA9039300071737 /* CustomIndicatorView.m */ = {isa = PBXFileReference; lastKnownFileType = sourcecode.c.objc; path = CustomIndicatorView.m; sourceTree = "<group>"; };
		C70BFC7A2CA9039300071737 /* NSView+Blur.h */ = {isa = PBXFileReference; lastKnownFileType = sourcecode.c.h; path = "NSView+Blur.h"; sourceTree = "<group>"; };
		C70BFC7B2CA9039300071737 /* NSView+Blur.m */ = {isa = PBXFileReference; lastKnownFileType = sourcecode.c.objc; path = "NSView+Blur.m"; sourceTree = "<group>"; };
		C70BFC7D2CA9039300071737 /* NSData+Ext.h */ = {isa = PBXFileReference; lastKnownFileType = sourcecode.c.h; path = "NSData+Ext.h"; sourceTree = "<group>"; };
		C70BFC7E2CA9039300071737 /* NSData+Ext.m */ = {isa = PBXFileReference; lastKnownFileType = sourcecode.c.objc; path = "NSData+Ext.m"; sourceTree = "<group>"; };
		C70BFC812CA9039300071737 /* NSDate+Ext.h */ = {isa = PBXFileReference; lastKnownFileType = sourcecode.c.h; path = "NSDate+Ext.h"; sourceTree = "<group>"; };
		C70BFC822CA9039300071737 /* NSDate+Ext.m */ = {isa = PBXFileReference; lastKnownFileType = sourcecode.c.objc; path = "NSDate+Ext.m"; sourceTree = "<group>"; };
		C70BFC832CA9039300071737 /* NSObject+JSON.h */ = {isa = PBXFileReference; lastKnownFileType = sourcecode.c.h; path = "NSObject+JSON.h"; sourceTree = "<group>"; };
		C70BFC842CA9039300071737 /* NSObject+JSON.m */ = {isa = PBXFileReference; lastKnownFileType = sourcecode.c.objc; path = "NSObject+JSON.m"; sourceTree = "<group>"; };
		C70BFC852CA9039300071737 /* NSString+Ext.h */ = {isa = PBXFileReference; lastKnownFileType = sourcecode.c.h; path = "NSString+Ext.h"; sourceTree = "<group>"; };
		C70BFC862CA9039300071737 /* NSString+Ext.m */ = {isa = PBXFileReference; lastKnownFileType = sourcecode.c.objc; path = "NSString+Ext.m"; sourceTree = "<group>"; };
		C70BFC882CA9039300071737 /* ButtonTableViewCell.h */ = {isa = PBXFileReference; lastKnownFileType = sourcecode.c.h; path = ButtonTableViewCell.h; sourceTree = "<group>"; };
		C70BFC892CA9039300071737 /* ButtonTableViewCell.m */ = {isa = PBXFileReference; lastKnownFileType = sourcecode.c.objc; path = ButtonTableViewCell.m; sourceTree = "<group>"; };
		C70BFC8B2CA9039300071737 /* NSTaggedTableColumn.h */ = {isa = PBXFileReference; lastKnownFileType = sourcecode.c.h; path = NSTaggedTableColumn.h; sourceTree = "<group>"; };
		C70BFC8C2CA9039300071737 /* NSTaggedTableColumn.m */ = {isa = PBXFileReference; lastKnownFileType = sourcecode.c.objc; path = NSTaggedTableColumn.m; sourceTree = "<group>"; };
		C70BFC8E2CA9039300071737 /* CMThruTableRow.h */ = {isa = PBXFileReference; lastKnownFileType = sourcecode.c.h; path = CMThruTableRow.h; sourceTree = "<group>"; };
		C70BFC8F2CA9039300071737 /* CMThruTableRow.m */ = {isa = PBXFileReference; lastKnownFileType = sourcecode.c.objc; path = CMThruTableRow.m; sourceTree = "<group>"; };
		C70BFC922CA9039300071737 /* CMTextFieldCell.h */ = {isa = PBXFileReference; lastKnownFileType = sourcecode.c.h; path = CMTextFieldCell.h; sourceTree = "<group>"; };
		C70BFC932CA9039300071737 /* CMTextFieldCell.m */ = {isa = PBXFileReference; lastKnownFileType = sourcecode.c.objc; path = CMTextFieldCell.m; sourceTree = "<group>"; };
		C70BFCA62CA9044D00071737 /* DimSumAppMenu.h */ = {isa = PBXFileReference; lastKnownFileType = sourcecode.c.h; path = DimSumAppMenu.h; sourceTree = "<group>"; };
		C70BFCA72CA9044D00071737 /* DimSumAppMenu.m */ = {isa = PBXFileReference; lastKnownFileType = sourcecode.c.objc; path = DimSumAppMenu.m; sourceTree = "<group>"; };
		C70BFCA82CA9044D00071737 /* DimSumPopupMenu.h */ = {isa = PBXFileReference; lastKnownFileType = sourcecode.c.h; path = DimSumPopupMenu.h; sourceTree = "<group>"; };
		C70BFCA92CA9044D00071737 /* DimSumPopupMenu.m */ = {isa = PBXFileReference; lastKnownFileType = sourcecode.c.objc; path = DimSumPopupMenu.m; sourceTree = "<group>"; };
		C70BFCAE2CA904DC00071737 /* AudioMidiSettingsView.h */ = {isa = PBXFileReference; lastKnownFileType = sourcecode.c.h; path = AudioMidiSettingsView.h; sourceTree = "<group>"; };
		C70BFCAF2CA904DC00071737 /* AudioMidiSettingsView.m */ = {isa = PBXFileReference; lastKnownFileType = sourcecode.c.objc; path = AudioMidiSettingsView.m; sourceTree = "<group>"; };
		C70BFCB22CA9054900071737 /* CMLogoView.h */ = {isa = PBXFileReference; lastKnownFileType = sourcecode.c.h; path = CMLogoView.h; sourceTree = "<group>"; };
		C70BFCB32CA9054900071737 /* CMLogoView.m */ = {isa = PBXFileReference; lastKnownFileType = sourcecode.c.objc; path = CMLogoView.m; sourceTree = "<group>"; };
		C70BFCB42CA9054900071737 /* CocoaImage+Logo.h */ = {isa = PBXFileReference; lastKnownFileType = sourcecode.c.h; path = "CocoaImage+Logo.h"; sourceTree = "<group>"; };
		C70BFCB52CA9054900071737 /* CocoaImage+Logo.m */ = {isa = PBXFileReference; lastKnownFileType = sourcecode.c.objc; path = "CocoaImage+Logo.m"; sourceTree = "<group>"; };
		C70BFCB62CA9054900071737 /* NSColor+3rdGen.h */ = {isa = PBXFileReference; lastKnownFileType = sourcecode.c.h; path = "NSColor+3rdGen.h"; sourceTree = "<group>"; };
		C70BFCB72CA9054900071737 /* NSColor+3rdGen.m */ = {isa = PBXFileReference; lastKnownFileType = sourcecode.c.objc; path = "NSColor+3rdGen.m"; sourceTree = "<group>"; };
		C70BFCBB2CA9059500071737 /* SettingsModalViewController.h */ = {isa = PBXFileReference; lastKnownFileType = sourcecode.c.h; path = SettingsModalViewController.h; sourceTree = "<group>"; };
		C70BFCBC2CA9059500071737 /* SettingsModalViewController.m */ = {isa = PBXFileReference; lastKnownFileType = sourcecode.c.objc; path = SettingsModalViewController.m; sourceTree = "<group>"; };
		C70BFCBF2CA905F100071737 /* lib[Pb]Audio.a */ = {isa = PBXFileReference; explicitFileType = archive.ar; path = "lib[Pb]Audio.a"; sourceTree = BUILT_PRODUCTS_DIR; };
		C70BFCC12CA9061600071737 /* CustomNotificationClient.h */ = {isa = PBXFileReference; lastKnownFileType = sourcecode.c.h; path = CustomNotificationClient.h; sourceTree = "<group>"; };
		C70BFCC22CA9061600071737 /* SamplePlayer.h */ = {isa = PBXFileReference; lastKnownFileType = sourcecode.c.h; path = SamplePlayer.h; sourceTree = "<group>"; };
		C70BFCC32CA9061600071737 /* SamplePlayer.c */ = {isa = PBXFileReference; lastKnownFileType = sourcecode.c.c; path = SamplePlayer.c; sourceTree = "<group>"; };
		C70BFCC42CA9061600071737 /* ToneGenerator.h */ = {isa = PBXFileReference; lastKnownFileType = sourcecode.c.h; path = ToneGenerator.h; sourceTree = "<group>"; };
		C70BFCC52CA9061600071737 /* ToneGenerator.c */ = {isa = PBXFileReference; lastKnownFileType = sourcecode.c.c; path = ToneGenerator.c; sourceTree = "<group>"; };
		C7129FB62CB8E47D001B586F /* Audio+Cache.h */ = {isa = PBXFileReference; lastKnownFileType = sourcecode.c.h; path = "Audio+Cache.h"; sourceTree = "<group>"; };
		C78D5AE52CA9320800706A66 /* ArticulationLayer.h */ = {isa = PBXFileReference; lastKnownFileType = sourcecode.c.h; path = ArticulationLayer.h; sourceTree = "<group>"; };
		C78D5AE62CA9320800706A66 /* ArticulationLayer.c */ = {isa = PBXFileReference; lastKnownFileType = sourcecode.c.c; path = ArticulationLayer.c; sourceTree = "<group>"; };
		C7A1604A2CAF7BCB00E562D9 /* DS Drums iOS.app */ = {isa = PBXFileReference; explicitFileType = wrapper.application; includeInIndex = 0; path = "DS Drums iOS.app"; sourceTree = BUILT_PRODUCTS_DIR; };
/* End PBXFileReference section */

/* Begin PBXFileSystemSynchronizedBuildFileExceptionSet section */
		C7A160622CAF7BCC00E562D9 /* Exceptions for "DS Drums iOS" folder in "DS Drums iOS" target */ = {
			isa = PBXFileSystemSynchronizedBuildFileExceptionSet;
			membershipExceptions = (
				Info.plist,
			);
			target = C7A160492CAF7BCB00E562D9 /* DS Drums iOS */;
		};
/* End PBXFileSystemSynchronizedBuildFileExceptionSet section */

/* Begin PBXFileSystemSynchronizedRootGroup section */
		C70BFC0C2CA8FE7C00071737 /* DS Drums */ = {
			isa = PBXFileSystemSynchronizedRootGroup;
			path = "DS Drums";
			sourceTree = "<group>";
		};
		C7A1604B2CAF7BCB00E562D9 /* DS Drums iOS */ = {
			isa = PBXFileSystemSynchronizedRootGroup;
			exceptions = (
				C7A160622CAF7BCC00E562D9 /* Exceptions for "DS Drums iOS" folder in "DS Drums iOS" target */,
			);
			path = "DS Drums iOS";
			sourceTree = "<group>";
		};
/* End PBXFileSystemSynchronizedRootGroup section */

/* Begin PBXFrameworksBuildPhase section */
		C70BFC072CA8FE7C00071737 /* Frameworks */ = {
			isa = PBXFrameworksBuildPhase;
			buildActionMask = 2147483647;
			files = (
				C70BFCC02CA905F100071737 /* lib[Pb]Audio.a in Frameworks */,
			);
			runOnlyForDeploymentPostprocessing = 0;
		};
		C7A160472CAF7BCB00E562D9 /* Frameworks */ = {
			isa = PBXFrameworksBuildPhase;
			buildActionMask = 2147483647;
			files = (
			);
			runOnlyForDeploymentPostprocessing = 0;
		};
/* End PBXFrameworksBuildPhase section */

/* Begin PBXGroup section */
		C70BFC012CA8FE7C00071737 = {
			isa = PBXGroup;
			children = (
				C7129FB22CB8E397001B586F /* Render */,
				C70BFCC12CA9061600071737 /* CustomNotificationClient.h */,
				C70BFC2E2CA8FF3300071737 /* EntryPoint */,
				C70BFC2F2CA8FF5300071737 /* Cocoa */,
				C70BFC0C2CA8FE7C00071737 /* DS Drums */,
				C7A1604B2CAF7BCB00E562D9 /* DS Drums iOS */,
				C70BFCBE2CA905F100071737 /* Frameworks */,
				C70BFC0B2CA8FE7C00071737 /* Products */,
			);
			sourceTree = "<group>";
		};
		C70BFC0B2CA8FE7C00071737 /* Products */ = {
			isa = PBXGroup;
			children = (
				C70BFC0A2CA8FE7C00071737 /* DS Drums.app */,
				C7A1604A2CAF7BCB00E562D9 /* DS Drums iOS.app */,
			);
			name = Products;
			sourceTree = "<group>";
		};
		C70BFC2E2CA8FF3300071737 /* EntryPoint */ = {
			isa = PBXGroup;
			children = (
				C70BFC332CA9009D00071737 /* PbAudioAppInterface.h */,
				C70BFC242CA8FEB400071737 /* main.c */,
			);
			path = EntryPoint;
			sourceTree = "<group>";
		};
		C70BFC2F2CA8FF5300071737 /* Cocoa */ = {
			isa = PBXGroup;
			children = (
				C70BFC302CA8FF7200071737 /* EntryPoint */,
				C70BFCAC2CA904B700071737 /* Modal */,
				C70BFC952CA9039300071737 /* Supplement */,
			);
			path = Cocoa;
			sourceTree = "<group>";
		};
		C70BFC302CA8FF7200071737 /* EntryPoint */ = {
			isa = PBXGroup;
			children = (
				C70BFC342CA9013300071737 /* DSDrumsApplication.h */,
				C70BFC352CA9013300071737 /* DSDrumsApplication.m */,
				C70BFC202CA8FEB400071737 /* DSDrumsAppDelegate.h */,
				C70BFC212CA8FEB400071737 /* DSDrumsAppDelegate.m */,
				C70BFCA52CA903C000071737 /* Menu */,
				C70BFCB12CA9052400071737 /* Theme */,
				C70BFC322CA8FFA600071737 /* View */,
			);
			path = EntryPoint;
			sourceTree = "<group>";
		};
		C70BFC322CA8FFA600071737 /* View */ = {
			isa = PBXGroup;
			children = (
				C70BFC262CA8FEB400071737 /* MainWindowViewController.h */,
				C70BFC272CA8FEB400071737 /* MainWindowViewController.m */,
			);
			path = View;
			sourceTree = "<group>";
		};
		C70BFC742CA9039300071737 /* Button */ = {
			isa = PBXGroup;
			children = (
				C70BFC6E2CA9039300071737 /* CustomButtonView.h */,
				C70BFC6F2CA9039300071737 /* CustomButtonView.m */,
				C70BFC702CA9039300071737 /* NSTextFieldButton.h */,
				C70BFC712CA9039300071737 /* NSTextFieldButton.m */,
				C70BFC722CA9039300071737 /* RSMaskedLabel.h */,
				C70BFC732CA9039300071737 /* RSMaskedLabel.m */,
			);
			path = Button;
			sourceTree = "<group>";
		};
		C70BFC772CA9039300071737 /* CheckBox */ = {
			isa = PBXGroup;
			children = (
				C70BFC752CA9039300071737 /* NSCheckboxView.h */,
				C70BFC762CA9039300071737 /* NSCheckboxView.m */,
			);
			path = CheckBox;
			sourceTree = "<group>";
		};
		C70BFC7C2CA9039300071737 /* Indicator */ = {
			isa = PBXGroup;
			children = (
				C70BFC782CA9039300071737 /* CustomIndicatorView.h */,
				C70BFC792CA9039300071737 /* CustomIndicatorView.m */,
				C70BFC7A2CA9039300071737 /* NSView+Blur.h */,
				C70BFC7B2CA9039300071737 /* NSView+Blur.m */,
			);
			path = Indicator;
			sourceTree = "<group>";
		};
		C70BFC872CA9039300071737 /* NSExtensions */ = {
			isa = PBXGroup;
			children = (
				C70BFC7D2CA9039300071737 /* NSData+Ext.h */,
				C70BFC7E2CA9039300071737 /* NSData+Ext.m */,
				C70BFC812CA9039300071737 /* NSDate+Ext.h */,
				C70BFC822CA9039300071737 /* NSDate+Ext.m */,
				C70BFC832CA9039300071737 /* NSObject+JSON.h */,
				C70BFC842CA9039300071737 /* NSObject+JSON.m */,
				C70BFC852CA9039300071737 /* NSString+Ext.h */,
				C70BFC862CA9039300071737 /* NSString+Ext.m */,
			);
			path = NSExtensions;
			sourceTree = "<group>";
		};
		C70BFC8A2CA9039300071737 /* Cell */ = {
			isa = PBXGroup;
			children = (
				C70BFC882CA9039300071737 /* ButtonTableViewCell.h */,
				C70BFC892CA9039300071737 /* ButtonTableViewCell.m */,
			);
			path = Cell;
			sourceTree = "<group>";
		};
		C70BFC8D2CA9039300071737 /* Column */ = {
			isa = PBXGroup;
			children = (
				C70BFC8B2CA9039300071737 /* NSTaggedTableColumn.h */,
				C70BFC8C2CA9039300071737 /* NSTaggedTableColumn.m */,
			);
			path = Column;
			sourceTree = "<group>";
		};
		C70BFC902CA9039300071737 /* Row */ = {
			isa = PBXGroup;
			children = (
				C70BFC8E2CA9039300071737 /* CMThruTableRow.h */,
				C70BFC8F2CA9039300071737 /* CMThruTableRow.m */,
			);
			path = Row;
			sourceTree = "<group>";
		};
		C70BFC912CA9039300071737 /* Table */ = {
			isa = PBXGroup;
			children = (
				C70BFC8A2CA9039300071737 /* Cell */,
				C70BFC8D2CA9039300071737 /* Column */,
				C70BFC902CA9039300071737 /* Row */,
			);
			path = Table;
			sourceTree = "<group>";
		};
		C70BFC942CA9039300071737 /* TextField */ = {
			isa = PBXGroup;
			children = (
				C70BFC922CA9039300071737 /* CMTextFieldCell.h */,
				C70BFC932CA9039300071737 /* CMTextFieldCell.m */,
			);
			path = TextField;
			sourceTree = "<group>";
		};
		C70BFC952CA9039300071737 /* Supplement */ = {
			isa = PBXGroup;
			children = (
				C70BFC742CA9039300071737 /* Button */,
				C70BFC772CA9039300071737 /* CheckBox */,
				C70BFC7C2CA9039300071737 /* Indicator */,
				C70BFC872CA9039300071737 /* NSExtensions */,
				C70BFC912CA9039300071737 /* Table */,
				C70BFC942CA9039300071737 /* TextField */,
			);
			path = Supplement;
			sourceTree = "<group>";
		};
		C70BFCA52CA903C000071737 /* Menu */ = {
			isa = PBXGroup;
			children = (
				C70BFCA62CA9044D00071737 /* DimSumAppMenu.h */,
				C70BFCA72CA9044D00071737 /* DimSumAppMenu.m */,
				C70BFCA82CA9044D00071737 /* DimSumPopupMenu.h */,
				C70BFCA92CA9044D00071737 /* DimSumPopupMenu.m */,
			);
			path = Menu;
			sourceTree = "<group>";
		};
		C70BFCAC2CA904B700071737 /* Modal */ = {
			isa = PBXGroup;
			children = (
				C70BFCBB2CA9059500071737 /* SettingsModalViewController.h */,
				C70BFCBC2CA9059500071737 /* SettingsModalViewController.m */,
				C70BFCAD2CA904C600071737 /* Settings */,
			);
			path = Modal;
			sourceTree = "<group>";
		};
		C70BFCAD2CA904C600071737 /* Settings */ = {
			isa = PBXGroup;
			children = (
				C70BFCAE2CA904DC00071737 /* AudioMidiSettingsView.h */,
				C70BFCAF2CA904DC00071737 /* AudioMidiSettingsView.m */,
			);
			path = Settings;
			sourceTree = "<group>";
		};
		C70BFCB12CA9052400071737 /* Theme */ = {
			isa = PBXGroup;
			children = (
				C70BFCB22CA9054900071737 /* CMLogoView.h */,
				C70BFCB32CA9054900071737 /* CMLogoView.m */,
				C70BFCB42CA9054900071737 /* CocoaImage+Logo.h */,
				C70BFCB52CA9054900071737 /* CocoaImage+Logo.m */,
				C70BFCB62CA9054900071737 /* NSColor+3rdGen.h */,
				C70BFCB72CA9054900071737 /* NSColor+3rdGen.m */,
			);
			path = Theme;
			sourceTree = "<group>";
		};
		C70BFCBE2CA905F100071737 /* Frameworks */ = {
			isa = PBXGroup;
			children = (
				C70BFCBF2CA905F100071737 /* lib[Pb]Audio.a */,
			);
			name = Frameworks;
			sourceTree = "<group>";
		};
		C7129FB22CB8E397001B586F /* Render */ = {
			isa = PBXGroup;
			children = (
				C7129FB62CB8E47D001B586F /* Audio+Cache.h */,
				C78D5AE52CA9320800706A66 /* ArticulationLayer.h */,
				C78D5AE62CA9320800706A66 /* ArticulationLayer.c */,
				C70BFCC22CA9061600071737 /* SamplePlayer.h */,
				C70BFCC32CA9061600071737 /* SamplePlayer.c */,
				C70BFCC42CA9061600071737 /* ToneGenerator.h */,
				C70BFCC52CA9061600071737 /* ToneGenerator.c */,
			);
			path = Render;
			sourceTree = "<group>";
		};
/* End PBXGroup section */

/* Begin PBXNativeTarget section */
		C70BFC092CA8FE7C00071737 /* DS Drums */ = {
			isa = PBXNativeTarget;
			buildConfigurationList = C70BFC1D2CA8FE7D00071737 /* Build configuration list for PBXNativeTarget "DS Drums" */;
			buildPhases = (
				C70BFC062CA8FE7C00071737 /* Sources */,
				C70BFC072CA8FE7C00071737 /* Frameworks */,
				C70BFC082CA8FE7C00071737 /* Resources */,
			);
			buildRules = (
			);
			dependencies = (
			);
			fileSystemSynchronizedGroups = (
				C70BFC0C2CA8FE7C00071737 /* DS Drums */,
			);
			name = "DS Drums";
			packageProductDependencies = (
			);
			productName = "DS Drums";
			productReference = C70BFC0A2CA8FE7C00071737 /* DS Drums.app */;
			productType = "com.apple.product-type.application";
		};
		C7A160492CAF7BCB00E562D9 /* DS Drums iOS */ = {
			isa = PBXNativeTarget;
			buildConfigurationList = C7A160632CAF7BCC00E562D9 /* Build configuration list for PBXNativeTarget "DS Drums iOS" */;
			buildPhases = (
				C7A160462CAF7BCB00E562D9 /* Sources */,
				C7A160472CAF7BCB00E562D9 /* Frameworks */,
				C7A160482CAF7BCB00E562D9 /* Resources */,
			);
			buildRules = (
			);
			dependencies = (
			);
			fileSystemSynchronizedGroups = (
				C7A1604B2CAF7BCB00E562D9 /* DS Drums iOS */,
			);
			name = "DS Drums iOS";
			packageProductDependencies = (
			);
			productName = "DS Drums iOS";
			productReference = C7A1604A2CAF7BCB00E562D9 /* DS Drums iOS.app */;
			productType = "com.apple.product-type.application";
		};
/* End PBXNativeTarget section */

/* Begin PBXProject section */
		C70BFC022CA8FE7C00071737 /* Project object */ = {
			isa = PBXProject;
			attributes = {
				BuildIndependentTargetsInParallel = 1;
				LastUpgradeCheck = 1600;
				TargetAttributes = {
					C70BFC092CA8FE7C00071737 = {
						CreatedOnToolsVersion = 16.0;
					};
					C7A160492CAF7BCB00E562D9 = {
						CreatedOnToolsVersion = 16.0;
					};
				};
			};
			buildConfigurationList = C70BFC052CA8FE7C00071737 /* Build configuration list for PBXProject "DS Drums" */;
			developmentRegion = en;
			hasScannedForEncodings = 0;
			knownRegions = (
				en,
				Base,
			);
			mainGroup = C70BFC012CA8FE7C00071737;
			minimizedProjectReferenceProxies = 1;
			preferredProjectObjectVersion = 77;
			productRefGroup = C70BFC0B2CA8FE7C00071737 /* Products */;
			projectDirPath = "";
			projectRoot = "";
			targets = (
				C70BFC092CA8FE7C00071737 /* DS Drums */,
				C7A160492CAF7BCB00E562D9 /* DS Drums iOS */,
			);
		};
/* End PBXProject section */

/* Begin PBXResourcesBuildPhase section */
		C70BFC082CA8FE7C00071737 /* Resources */ = {
			isa = PBXResourcesBuildPhase;
			buildActionMask = 2147483647;
			files = (
			);
			runOnlyForDeploymentPostprocessing = 0;
		};
		C7A160482CAF7BCB00E562D9 /* Resources */ = {
			isa = PBXResourcesBuildPhase;
			buildActionMask = 2147483647;
			files = (
			);
			runOnlyForDeploymentPostprocessing = 0;
		};
/* End PBXResourcesBuildPhase section */

/* Begin PBXSourcesBuildPhase section */
		C70BFC062CA8FE7C00071737 /* Sources */ = {
			isa = PBXSourcesBuildPhase;
			buildActionMask = 2147483647;
			files = (
				C70BFC2B2CA8FEB400071737 /* DSDrumsAppDelegate.m in Sources */,
				C70BFC362CA9013300071737 /* DSDrumsApplication.m in Sources */,
				C70BFC2C2CA8FEB400071737 /* main.c in Sources */,
				C70BFC962CA9039300071737 /* CustomButtonView.m in Sources */,
				C70BFC972CA9039300071737 /* NSTaggedTableColumn.m in Sources */,
				C70BFC982CA9039300071737 /* NSCheckboxView.m in Sources */,
				C70BFC992CA9039300071737 /* CMTextFieldCell.m in Sources */,
				C70BFC9A2CA9039300071737 /* ButtonTableViewCell.m in Sources */,
				C70BFC9C2CA9039300071737 /* NSTextFieldButton.m in Sources */,
				C70BFC9D2CA9039300071737 /* CMThruTableRow.m in Sources */,
				C70BFCAA2CA9044D00071737 /* DimSumPopupMenu.m in Sources */,
				C70BFCAB2CA9044D00071737 /* DimSumAppMenu.m in Sources */,
				C70BFCB82CA9054900071737 /* CocoaImage+Logo.m in Sources */,
				C70BFCB92CA9054900071737 /* CMLogoView.m in Sources */,
				C70BFCBA2CA9054900071737 /* NSColor+3rdGen.m in Sources */,
				C70BFC9E2CA9039300071737 /* NSString+Ext.m in Sources */,
				C78D5AE72CA9320800706A66 /* ArticulationLayer.c in Sources */,
				C70BFC9F2CA9039300071737 /* NSData+Ext.m in Sources */,
				C70BFCC62CA9061600071737 /* SamplePlayer.c in Sources */,
				C70BFCC72CA9061600071737 /* ToneGenerator.c in Sources */,
				C70BFCB02CA904DC00071737 /* AudioMidiSettingsView.m in Sources */,
				C70BFCA02CA9039300071737 /* NSDate+Ext.m in Sources */,
				C70BFCA12CA9039300071737 /* NSObject+JSON.m in Sources */,
				C70BFCBD2CA9059500071737 /* SettingsModalViewController.m in Sources */,
				C70BFCA22CA9039300071737 /* NSView+Blur.m in Sources */,
				C70BFCA32CA9039300071737 /* RSMaskedLabel.m in Sources */,
				C70BFCA42CA9039300071737 /* CustomIndicatorView.m in Sources */,
				C70BFC2D2CA8FEB400071737 /* MainWindowViewController.m in Sources */,
			);
			runOnlyForDeploymentPostprocessing = 0;
		};
		C7A160462CAF7BCB00E562D9 /* Sources */ = {
			isa = PBXSourcesBuildPhase;
			buildActionMask = 2147483647;
			files = (
			);
			runOnlyForDeploymentPostprocessing = 0;
		};
/* End PBXSourcesBuildPhase section */

/* Begin XCBuildConfiguration section */
		C70BFC1B2CA8FE7D00071737 /* Debug */ = {
			isa = XCBuildConfiguration;
			buildSettings = {
				ALWAYS_SEARCH_USER_PATHS = NO;
				ASSETCATALOG_COMPILER_GENERATE_SWIFT_ASSET_SYMBOL_EXTENSIONS = YES;
				CLANG_ANALYZER_NONNULL = YES;
				CLANG_ANALYZER_NUMBER_OBJECT_CONVERSION = YES_AGGRESSIVE;
				CLANG_CXX_LANGUAGE_STANDARD = "gnu++20";
				CLANG_ENABLE_MODULES = YES;
				CLANG_ENABLE_OBJC_ARC = YES;
				CLANG_ENABLE_OBJC_WEAK = YES;
				CLANG_WARN_BLOCK_CAPTURE_AUTORELEASING = YES;
				CLANG_WARN_BOOL_CONVERSION = YES;
				CLANG_WARN_COMMA = YES;
				CLANG_WARN_CONSTANT_CONVERSION = YES;
				CLANG_WARN_DEPRECATED_OBJC_IMPLEMENTATIONS = YES;
				CLANG_WARN_DIRECT_OBJC_ISA_USAGE = YES_ERROR;
				CLANG_WARN_DOCUMENTATION_COMMENTS = YES;
				CLANG_WARN_EMPTY_BODY = YES;
				CLANG_WARN_ENUM_CONVERSION = YES;
				CLANG_WARN_INFINITE_RECURSION = YES;
				CLANG_WARN_INT_CONVERSION = YES;
				CLANG_WARN_NON_LITERAL_NULL_CONVERSION = YES;
				CLANG_WARN_OBJC_IMPLICIT_RETAIN_SELF = YES;
				CLANG_WARN_OBJC_LITERAL_CONVERSION = YES;
				CLANG_WARN_OBJC_ROOT_CLASS = YES_ERROR;
				CLANG_WARN_QUOTED_INCLUDE_IN_FRAMEWORK_HEADER = YES;
				CLANG_WARN_RANGE_LOOP_ANALYSIS = YES;
				CLANG_WARN_STRICT_PROTOTYPES = YES;
				CLANG_WARN_SUSPICIOUS_MOVE = YES;
				CLANG_WARN_UNGUARDED_AVAILABILITY = YES_AGGRESSIVE;
				CLANG_WARN_UNREACHABLE_CODE = YES;
				CLANG_WARN__DUPLICATE_METHOD_MATCH = YES;
				COPY_PHASE_STRIP = NO;
				DEBUG_INFORMATION_FORMAT = dwarf;
				ENABLE_STRICT_OBJC_MSGSEND = YES;
				ENABLE_TESTABILITY = YES;
				ENABLE_USER_SCRIPT_SANDBOXING = YES;
				GCC_C_LANGUAGE_STANDARD = gnu17;
				GCC_DYNAMIC_NO_PIC = NO;
				GCC_NO_COMMON_BLOCKS = YES;
				GCC_OPTIMIZATION_LEVEL = 0;
				GCC_PREPROCESSOR_DEFINITIONS = (
					"DEBUG=1",
					"$(inherited)",
				);
				GCC_WARN_64_TO_32_BIT_CONVERSION = YES;
				GCC_WARN_ABOUT_RETURN_TYPE = YES_ERROR;
				GCC_WARN_UNDECLARED_SELECTOR = YES;
				GCC_WARN_UNINITIALIZED_AUTOS = YES_AGGRESSIVE;
				GCC_WARN_UNUSED_FUNCTION = YES;
				GCC_WARN_UNUSED_VARIABLE = YES;
				LOCALIZATION_PREFERS_STRING_CATALOGS = YES;
				MACOSX_DEPLOYMENT_TARGET = 14.6;
				MTL_ENABLE_DEBUG_INFO = INCLUDE_SOURCE;
				MTL_FAST_MATH = YES;
				ONLY_ACTIVE_ARCH = YES;
				SDKROOT = macosx;
			};
			name = Debug;
		};
		C70BFC1C2CA8FE7D00071737 /* Release */ = {
			isa = XCBuildConfiguration;
			buildSettings = {
				ALWAYS_SEARCH_USER_PATHS = NO;
				ASSETCATALOG_COMPILER_GENERATE_SWIFT_ASSET_SYMBOL_EXTENSIONS = YES;
				CLANG_ANALYZER_NONNULL = YES;
				CLANG_ANALYZER_NUMBER_OBJECT_CONVERSION = YES_AGGRESSIVE;
				CLANG_CXX_LANGUAGE_STANDARD = "gnu++20";
				CLANG_ENABLE_MODULES = YES;
				CLANG_ENABLE_OBJC_ARC = YES;
				CLANG_ENABLE_OBJC_WEAK = YES;
				CLANG_WARN_BLOCK_CAPTURE_AUTORELEASING = YES;
				CLANG_WARN_BOOL_CONVERSION = YES;
				CLANG_WARN_COMMA = YES;
				CLANG_WARN_CONSTANT_CONVERSION = YES;
				CLANG_WARN_DEPRECATED_OBJC_IMPLEMENTATIONS = YES;
				CLANG_WARN_DIRECT_OBJC_ISA_USAGE = YES_ERROR;
				CLANG_WARN_DOCUMENTATION_COMMENTS = YES;
				CLANG_WARN_EMPTY_BODY = YES;
				CLANG_WARN_ENUM_CONVERSION = YES;
				CLANG_WARN_INFINITE_RECURSION = YES;
				CLANG_WARN_INT_CONVERSION = YES;
				CLANG_WARN_NON_LITERAL_NULL_CONVERSION = YES;
				CLANG_WARN_OBJC_IMPLICIT_RETAIN_SELF = YES;
				CLANG_WARN_OBJC_LITERAL_CONVERSION = YES;
				CLANG_WARN_OBJC_ROOT_CLASS = YES_ERROR;
				CLANG_WARN_QUOTED_INCLUDE_IN_FRAMEWORK_HEADER = YES;
				CLANG_WARN_RANGE_LOOP_ANALYSIS = YES;
				CLANG_WARN_STRICT_PROTOTYPES = YES;
				CLANG_WARN_SUSPICIOUS_MOVE = YES;
				CLANG_WARN_UNGUARDED_AVAILABILITY = YES_AGGRESSIVE;
				CLANG_WARN_UNREACHABLE_CODE = YES;
				CLANG_WARN__DUPLICATE_METHOD_MATCH = YES;
				COPY_PHASE_STRIP = NO;
				DEBUG_INFORMATION_FORMAT = "dwarf-with-dsym";
				ENABLE_NS_ASSERTIONS = NO;
				ENABLE_STRICT_OBJC_MSGSEND = YES;
				ENABLE_USER_SCRIPT_SANDBOXING = YES;
				GCC_C_LANGUAGE_STANDARD = gnu17;
				GCC_NO_COMMON_BLOCKS = YES;
				GCC_WARN_64_TO_32_BIT_CONVERSION = YES;
				GCC_WARN_ABOUT_RETURN_TYPE = YES_ERROR;
				GCC_WARN_UNDECLARED_SELECTOR = YES;
				GCC_WARN_UNINITIALIZED_AUTOS = YES_AGGRESSIVE;
				GCC_WARN_UNUSED_FUNCTION = YES;
				GCC_WARN_UNUSED_VARIABLE = YES;
				LOCALIZATION_PREFERS_STRING_CATALOGS = YES;
				MACOSX_DEPLOYMENT_TARGET = 14.6;
				MTL_ENABLE_DEBUG_INFO = NO;
				MTL_FAST_MATH = YES;
				SDKROOT = macosx;
			};
			name = Release;
		};
		C70BFC1E2CA8FE7D00071737 /* Debug */ = {
			isa = XCBuildConfiguration;
			buildSettings = {
				ASSETCATALOG_COMPILER_APPICON_NAME = AppIcon;
				ASSETCATALOG_COMPILER_GLOBAL_ACCENT_COLOR_NAME = AccentColor;
				CODE_SIGN_ENTITLEMENTS = "DS Drums/DS_Drums.entitlements";
				CODE_SIGN_IDENTITY = "Apple Development";
				CODE_SIGN_STYLE = Automatic;
				COMBINE_HIDPI_IMAGES = YES;
				CURRENT_PROJECT_VERSION = 1;
				DEVELOPMENT_TEAM = ECP6D49SS3;
				ENABLE_HARDENED_RUNTIME = YES;
				GENERATE_INFOPLIST_FILE = YES;
				HEADER_SEARCH_PATHS = ../../../include;
				INFOPLIST_KEY_NSHumanReadableCopyright = "";
				INFOPLIST_KEY_NSPrincipalClass = DSDrumsApplication;
				LD_RUNPATH_SEARCH_PATHS = (
					"$(inherited)",
					"@executable_path/../Frameworks",
				);
				MARKETING_VERSION = 1.0;
				PRODUCT_BUNDLE_IDENTIFIER = "com.3rdGen.DS-Drums";
				PRODUCT_NAME = "$(TARGET_NAME)";
				PROVISIONING_PROFILE_SPECIFIER = "";
				SWIFT_EMIT_LOC_STRINGS = YES;
			};
			name = Debug;
		};
		C70BFC1F2CA8FE7D00071737 /* Release */ = {
			isa = XCBuildConfiguration;
			buildSettings = {
				ASSETCATALOG_COMPILER_APPICON_NAME = AppIcon;
				ASSETCATALOG_COMPILER_GLOBAL_ACCENT_COLOR_NAME = AccentColor;
				CODE_SIGN_ENTITLEMENTS = "DS Drums/DS_Drums.entitlements";
				CODE_SIGN_IDENTITY = "Apple Development";
				CODE_SIGN_STYLE = Automatic;
				COMBINE_HIDPI_IMAGES = YES;
				CURRENT_PROJECT_VERSION = 1;
				DEVELOPMENT_TEAM = ECP6D49SS3;
				ENABLE_HARDENED_RUNTIME = YES;
				GENERATE_INFOPLIST_FILE = YES;
				HEADER_SEARCH_PATHS = ../../../include;
				INFOPLIST_KEY_NSHumanReadableCopyright = "";
				INFOPLIST_KEY_NSPrincipalClass = DSDrumsApplication;
				LD_RUNPATH_SEARCH_PATHS = (
					"$(inherited)",
					"@executable_path/../Frameworks",
				);
				MARKETING_VERSION = 1.0;
				PRODUCT_BUNDLE_IDENTIFIER = "com.3rdGen.DS-Drums";
				PRODUCT_NAME = "$(TARGET_NAME)";
				PROVISIONING_PROFILE_SPECIFIER = "";
				SWIFT_EMIT_LOC_STRINGS = YES;
			};
			name = Release;
		};
		C7A160602CAF7BCC00E562D9 /* Debug */ = {
			isa = XCBuildConfiguration;
			buildSettings = {
				ASSETCATALOG_COMPILER_APPICON_NAME = AppIcon;
				ASSETCATALOG_COMPILER_GLOBAL_ACCENT_COLOR_NAME = AccentColor;
				CODE_SIGN_IDENTITY = "Apple Development";
				CODE_SIGN_STYLE = Automatic;
				CURRENT_PROJECT_VERSION = 1;
				DEVELOPMENT_TEAM = PTQ52MNCLQ;
				GENERATE_INFOPLIST_FILE = YES;
				INFOPLIST_FILE = "DS Drums iOS/Info.plist";
				INFOPLIST_KEY_UIApplicationSupportsIndirectInputEvents = YES;
				INFOPLIST_KEY_UILaunchStoryboardName = LaunchScreen;
				INFOPLIST_KEY_UIMainStoryboardFile = Main;
				INFOPLIST_KEY_UISupportedInterfaceOrientations_iPad = "UIInterfaceOrientationPortrait UIInterfaceOrientationPortraitUpsideDown UIInterfaceOrientationLandscapeLeft UIInterfaceOrientationLandscapeRight";
				INFOPLIST_KEY_UISupportedInterfaceOrientations_iPhone = "UIInterfaceOrientationPortrait UIInterfaceOrientationLandscapeLeft UIInterfaceOrientationLandscapeRight";
				IPHONEOS_DEPLOYMENT_TARGET = 18.0;
				LD_RUNPATH_SEARCH_PATHS = (
					"$(inherited)",
					"@executable_path/Frameworks",
				);
				MARKETING_VERSION = 1.0;
				PRODUCT_BUNDLE_IDENTIFIER = "com.3rdGen.DS-Drums-iOS";
				PRODUCT_NAME = "$(TARGET_NAME)";
				PROVISIONING_PROFILE_SPECIFIER = "";
				SDKROOT = iphoneos;
				SWIFT_EMIT_LOC_STRINGS = YES;
				TARGETED_DEVICE_FAMILY = "1,2";
			};
			name = Debug;
		};
		C7A160612CAF7BCC00E562D9 /* Release */ = {
			isa = XCBuildConfiguration;
			buildSettings = {
				ASSETCATALOG_COMPILER_APPICON_NAME = AppIcon;
				ASSETCATALOG_COMPILER_GLOBAL_ACCENT_COLOR_NAME = AccentColor;
				CODE_SIGN_IDENTITY = "Apple Development";
				CODE_SIGN_STYLE = Automatic;
				CURRENT_PROJECT_VERSION = 1;
				DEVELOPMENT_TEAM = PTQ52MNCLQ;
				GENERATE_INFOPLIST_FILE = YES;
				INFOPLIST_FILE = "DS Drums iOS/Info.plist";
				INFOPLIST_KEY_UIApplicationSupportsIndirectInputEvents = YES;
				INFOPLIST_KEY_UILaunchStoryboardName = LaunchScreen;
				INFOPLIST_KEY_UIMainStoryboardFile = Main;
				INFOPLIST_KEY_UISupportedInterfaceOrientations_iPad = "UIInterfaceOrientationPortrait UIInterfaceOrientationPortraitUpsideDown UIInterfaceOrientationLandscapeLeft UIInterfaceOrientationLandscapeRight";
				INFOPLIST_KEY_UISupportedInterfaceOrientations_iPhone = "UIInterfaceOrientationPortrait UIInterfaceOrientationLandscapeLeft UIInterfaceOrientationLandscapeRight";
				IPHONEOS_DEPLOYMENT_TARGET = 18.0;
				LD_RUNPATH_SEARCH_PATHS = (
					"$(inherited)",
					"@executable_path/Frameworks",
				);
				MARKETING_VERSION = 1.0;
				PRODUCT_BUNDLE_IDENTIFIER = "com.3rdGen.DS-Drums-iOS";
				PRODUCT_NAME = "$(TARGET_NAME)";
				PROVISIONING_PROFILE_SPECIFIER = "";
				SDKROOT = iphoneos;
				SWIFT_EMIT_LOC_STRINGS = YES;
				TARGETED_DEVICE_FAMILY = "1,2";
				VALIDATE_PRODUCT = YES;
			};
			name = Release;
		};
/* End XCBuildConfiguration section */

/* Begin XCConfigurationList section */
		C70BFC052CA8FE7C00071737 /* Build configuration list for PBXProject "DS Drums" */ = {
			isa = XCConfigurationList;
			buildConfigurations = (
				C70BFC1B2CA8FE7D00071737 /* Debug */,
				C70BFC1C2CA8FE7D00071737 /* Release */,
			);
			defaultConfigurationIsVisible = 0;
			defaultConfigurationName = Release;
		};
		C70BFC1D2CA8FE7D00071737 /* Build configuration list for PBXNativeTarget "DS Drums" */ = {
			isa = XCConfigurationList;
			buildConfigurations = (
				C70BFC1E2CA8FE7D00071737 /* Debug */,
				C70BFC1F2CA8FE7D00071737 /* Release */,
			);
			defaultConfigurationIsVisible = 0;
			defaultConfigurationName = Release;
		};
		C7A160632CAF7BCC00E562D9 /* Build configuration list for PBXNativeTarget "DS Drums iOS" */ = {
			isa = XCConfigurationList;
			buildConfigurations = (
				C7A160602CAF7BCC00E562D9 /* Debug */,
				C7A160612CAF7BCC00E562D9 /* Release */,
			);
			defaultConfigurationIsVisible = 0;
			defaultConfigurationName = Release;
		};
/* End XCConfigurationList section */
	};
	rootObject = C70BFC022CA8FE7C00071737 /* Project object */;
}
