<?xml version="1.0" encoding="utf-8"?>
<Project ToolsVersion="4.0" xmlns="http://schemas.microsoft.com/developer/msbuild/2003">
  <ItemGroup>
    <Filter Include="Source Files">
      <UniqueIdentifier>{4FC737F1-C7A5-4376-A066-2A32D752A2FF}</UniqueIdentifier>
      <Extensions>cpp;c;cc;cxx;def;odl;idl;hpj;bat;asm;asmx</Extensions>
    </Filter>
    <Filter Include="Header Files">
      <UniqueIdentifier>{93995380-89BD-4b04-88EB-625FBE52EBFB}</UniqueIdentifier>
      <Extensions>h;hpp;hxx;hm;inl;inc;xsd</Extensions>
    </Filter>
    <Filter Include="Resource Files">
      <UniqueIdentifier>{67DA6AB6-F800-4c08-8B7A-83BB121AAD01}</UniqueIdentifier>
      <Extensions>rc;ico;cur;bmp;dlg;rc2;rct;bin;rgs;gif;jpg;jpeg;jpe;resx;tiff;tif;png;wav;mfcribbon-ms</Extensions>
    </Filter>
    <Filter Include="xnz">
      <UniqueIdentifier>{94095cff-0646-477c-9c92-b08470eb444e}</UniqueIdentifier>
    </Filter>
  </ItemGroup>
  <ItemGroup>
    <ClInclude Include="[Pb]Audio.h">
      <Filter>Header Files</Filter>
    </ClInclude>
    <ClInclude Include="[Pb]Audio\PbAudioAPI.h">
      <Filter>Header Files</Filter>
    </ClInclude>
    <ClInclude Include="[Pb]Audio\PbAudioBufferList.h">
      <Filter>Header Files</Filter>
    </ClInclude>
    <ClInclude Include="[Pb]Audio\PbAudioBufferStack.h">
      <Filter>Header Files</Filter>
    </ClInclude>
    <ClInclude Include="[Pb]Audio\PbAudioCallbacks.h">
      <Filter>Header Files</Filter>
    </ClInclude>
    <ClInclude Include="[Pb]Audio\PbAudioStream.h">
      <Filter>Header Files</Filter>
    </ClInclude>
    <ClInclude Include="[Pb]Audio\PbAudioExt.h">
      <Filter>Header Files</Filter>
    </ClInclude>
    <ClInclude Include="[Pb]Audio\pba_dsp_routines.h">
      <Filter>Header Files</Filter>
    </ClInclude>
    <ClInclude Include="[Pb]Audio\pba_error.h">
      <Filter>Header Files</Filter>
    </ClInclude>
    <ClInclude Include="[Pb]Audio\pba_event_queue.h">
      <Filter>Header Files</Filter>
    </ClInclude>
    <ClInclude Include="[Pb]Audio\pba_format.h">
      <Filter>Header Files</Filter>
    </ClInclude>
    <ClInclude Include="[Pb]Audio\pba_target_os.h">
      <Filter>Header Files</Filter>
    </ClInclude>
    <ClInclude Include="[Pb]Audio\pba_time.h">
      <Filter>Header Files</Filter>
    </ClInclude>
    <ClInclude Include="[Pb]Audio\PbAudioByteUtils.h">
      <Filter>Header Files</Filter>
    </ClInclude>
    <ClInclude Include="[Pb]Audio\PbAudioFileStream.h">
      <Filter>Header Files</Filter>
    </ClInclude>
    <ClInclude Include="[Pb]Audio\PbAudioRenderPass.h">
      <Filter>Header Files</Filter>
    </ClInclude>
    <ClInclude Include="[Pb]Audio\PbAudioDevice.h">
      <Filter>Header Files</Filter>
    </ClInclude>
    <ClInclude Include="..\include\xnz\xnz_wav_codec.h">
      <Filter>xnz</Filter>
    </ClInclude>
    <ClInclude Include="[Pb]Audio\cr_file.h">
      <Filter>Header Files</Filter>
    </ClInclude>
    <ClInclude Include="..\include\xnz\xnz_aif_codec.h">
      <Filter>xnz</Filter>
    </ClInclude>
    <ClInclude Include="..\include\xnz\xnz_flac_codec.h">
      <Filter>xnz</Filter>
    </ClInclude>
    <ClInclude Include="[Pb]Audio\pba_asio_ext.h">
      <Filter>Header Files</Filter>
    </ClInclude>
    <ClInclude Include="[Pb]Audio\PbAudioDriver.h">
      <Filter>Header Files</Filter>
    </ClInclude>
  </ItemGroup>
  <ItemGroup>
    <ClCompile Include="[Pb]Audio\PbAudioAPI.c">
      <Filter>Source Files</Filter>
    </ClCompile>
    <ClCompile Include="[Pb]Audio\PbAudioStream.c">
      <Filter>Source Files</Filter>
    </ClCompile>
    <ClCompile Include="[Pb]Audio\PbAudioBufferList.c">
      <Filter>Source Files</Filter>
    </ClCompile>
    <ClCompile Include="[Pb]Audio\PbAudioExt.c">
      <Filter>Source Files</Filter>
    </ClCompile>
    <ClCompile Include="[Pb]Audio\pba_event_queue.c">
      <Filter>Source Files</Filter>
    </ClCompile>
    <ClCompile Include="[Pb]Audio\pba_format.c">
      <Filter>Source Files</Filter>
    </ClCompile>
    <ClCompile Include="[Pb]Audio\pba_target_os.c">
      <Filter>Source Files</Filter>
    </ClCompile>
    <ClCompile Include="[Pb]Audio\pba_time.c">
      <Filter>Source Files</Filter>
    </ClCompile>
    <ClCompile Include="[Pb]Audio\PbAudioDevice.c">
      <Filter>Source Files</Filter>
    </ClCompile>
    <ClCompile Include="[Pb]Audio\PbAudioFileStream.c">
      <Filter>Source Files</Filter>
    </ClCompile>
    <ClCompile Include="[Pb]Audio\PbAudioRenderPass.c">
      <Filter>Source Files</Filter>
    </ClCompile>
    <ClCompile Include="[Pb]Audio\pba_asio_ext.c">
      <Filter>Source Files</Filter>
    </ClCompile>
    <ClCompile Include="[Pb]Audio\PbAudioDriver.c">
      <Filter>Source Files</Filter>
    </ClCompile>
  </ItemGroup>
</Project>